
Microsoft Visual Studio Solution File, Format Version 12.00
# Visual Studio Version 17
VisualStudioVersion = 17.0.31903.59
MinimumVisualStudioVersion = 10.0.40219.1
Project("{2150E333-8FDC-42A3-9474-1A3956D46DE8}") = "src", "src", "{827E0CD3-B72D-47B6-A68D-7590B98EB39B}"
EndProject
Project("{FAE04EC0-301F-11D3-BF4B-00C04F79EFBC}") = "Moongazing.OrionBeacon", "src\Moongazing.OrionBeacon\Moongazing.OrionBeacon.csproj", "{BB9C5761-1198-4BF4-8935-82C817726B5B}"
EndProject
Project("{2150E333-8FDC-42A3-9474-1A3956D46DE8}") = "tests", "tests", "{0AB3BF05-4346-4AA6-1389-037BE0695223}"
EndProject
Project("{FAE04EC0-301F-11D3-BF4B-00C04F79EFBC}") = "Moongazing.OrionBeacon.Tests", "tests\Moongazing.OrionBeacon.Tests\Moongazing.OrionBeacon.Tests.csproj", "{B515D82A-6078-47A2-9588-F88CF4773E7D}"
EndProject
Project("{2150E333-8FDC-42A3-9474-1A3956D46DE8}") = "benchmarks", "benchmarks", "{66320409-64EC-F7C5-3DEF-65E7510DAAD1}"
EndProject
Project("{FAE04EC0-301F-11D3-BF4B-00C04F79EFBC}") = "Moongazing.OrionBeacon.Benchmarks", "benchmarks\Moongazing.OrionBeacon.Benchmarks\Moongazing.OrionBeacon.Benchmarks.csproj", "{BC473B96-DAD8-4902-8463-74BEDD01DEDC}"
EndProject
Project("{2150E333-8FDC-42A3-9474-1A3956D46DE8}") = "demo", "demo", "{A39C23D2-F2C0-258D-165A-CF1E7FEE6E7B}"
EndProject
Project("{FAE04EC0-301F-11D3-BF4B-00C04F79EFBC}") = "Moongazing.OrionBeacon.Demo", "demo\Moongazing.OrionBeacon.Demo\Moongazing.OrionBeacon.Demo.csproj", "{78599492-33B1-47E8-AC03-915DF0A52570}"
EndProject
Project("{FAE04EC0-301F-11D3-BF4B-00C04F79EFBC}") = "Moongazing.OrionBeacon.Stores.Redis", "src\Moongazing.OrionBeacon.Stores.Redis\Moongazing.OrionBeacon.Stores.Redis.csproj", "{83C243DE-1D5A-42B7-B022-4C9CF57B6E1C}"
EndProject
Project("{FAE04EC0-301F-11D3-BF4B-00C04F79EFBC}") = "Moongazing.OrionBeacon.Conformance.Tests", "tests\Moongazing.OrionBeacon.Conformance.Tests\Moongazing.OrionBeacon.Conformance.Tests.csproj", "{C44E3A12-8BE3-4B85-A2C7-B63D9538E321}"
EndProject
Global
	GlobalSection(SolutionConfigurationPlatforms) = preSolution
		Debug|Any CPU = Debug|Any CPU
		Debug|x64 = Debug|x64
		Debug|x86 = Debug|x86
		Release|Any CPU = Release|Any CPU
		Release|x64 = Release|x64
		Release|x86 = Release|x86
	EndGlobalSection
	GlobalSection(ProjectConfigurationPlatforms) = postSolution
		{BB9C5761-1198-4BF4-8935-82C817726B5B}.Debug|Any CPU.ActiveCfg = Debug|Any CPU
		{BB9C5761-1198-4BF4-8935-82C817726B5B}.Debug|Any CPU.Build.0 = Debug|Any CPU
		{BB9C5761-1198-4BF4-8935-82C817726B5B}.Debug|x64.ActiveCfg = Debug|Any CPU
		{BB9C5761-1198-4BF4-8935-82C817726B5B}.Debug|x64.Build.0 = Debug|Any CPU
		{BB9C5761-1198-4BF4-8935-82C817726B5B}.Debug|x86.ActiveCfg = Debug|Any CPU
		{BB9C5761-1198-4BF4-8935-82C817726B5B}.Debug|x86.Build.0 = Debug|Any CPU
		{BB9C5761-1198-4BF4-8935-82C817726B5B}.Release|Any CPU.ActiveCfg = Release|Any CPU
		{BB9C5761-1198-4BF4-8935-82C817726B5B}.Release|Any CPU.Build.0 = Release|Any CPU
		{BB9C5761-1198-4BF4-8935-82C817726B5B}.Release|x64.ActiveCfg = Release|Any CPU
		{BB9C5761-1198-4BF4-8935-82C817726B5B}.Release|x64.Build.0 = Release|Any CPU
		{BB9C5761-1198-4BF4-8935-82C817726B5B}.Release|x86.ActiveCfg = Release|Any CPU
		{BB9C5761-1198-4BF4-8935-82C817726B5B}.Release|x86.Build.0 = Release|Any CPU
		{B515D82A-6078-47A2-9588-F88CF4773E7D}.Debug|Any CPU.ActiveCfg = Debug|Any CPU
		{B515D82A-6078-47A2-9588-F88CF4773E7D}.Debug|Any CPU.Build.0 = Debug|Any CPU
		{B515D82A-6078-47A2-9588-F88CF4773E7D}.Debug|x64.ActiveCfg = Debug|Any CPU
		{B515D82A-6078-47A2-9588-F88CF4773E7D}.Debug|x64.Build.0 = Debug|Any CPU
		{B515D82A-6078-47A2-9588-F88CF4773E7D}.Debug|x86.ActiveCfg = Debug|Any CPU
		{B515D82A-6078-47A2-9588-F88CF4773E7D}.Debug|x86.Build.0 = Debug|Any CPU
		{B515D82A-6078-47A2-9588-F88CF4773E7D}.Release|Any CPU.ActiveCfg = Release|Any CPU
		{B515D82A-6078-47A2-9588-F88CF4773E7D}.Release|Any CPU.Build.0 = Release|Any CPU
		{B515D82A-6078-47A2-9588-F88CF4773E7D}.Release|x64.ActiveCfg = Release|Any CPU
		{B515D82A-6078-47A2-9588-F88CF4773E7D}.Release|x64.Build.0 = Release|Any CPU
		{B515D82A-6078-47A2-9588-F88CF4773E7D}.Release|x86.ActiveCfg = Release|Any CPU
		{B515D82A-6078-47A2-9588-F88CF4773E7D}.Release|x86.Build.0 = Release|Any CPU
		{BC473B96-DAD8-4902-8463-74BEDD01DEDC}.Debug|Any CPU.ActiveCfg = Debug|Any CPU
		{BC473B96-DAD8-4902-8463-74BEDD01DEDC}.Debug|Any CPU.Build.0 = Debug|Any CPU
		{BC473B96-DAD8-4902-8463-74BEDD01DEDC}.Debug|x64.ActiveCfg = Debug|Any CPU
		{BC473B96-DAD8-4902-8463-74BEDD01DEDC}.Debug|x64.Build.0 = Debug|Any CPU
		{BC473B96-DAD8-4902-8463-74BEDD01DEDC}.Debug|x86.ActiveCfg = Debug|Any CPU
		{BC473B96-DAD8-4902-8463-74BEDD01DEDC}.Debug|x86.Build.0 = Debug|Any CPU
		{BC473B96-DAD8-4902-8463-74BEDD01DEDC}.Release|Any CPU.ActiveCfg = Release|Any CPU
		{BC473B96-DAD8-4902-8463-74BEDD01DEDC}.Release|Any CPU.Build.0 = Release|Any CPU
		{BC473B96-DAD8-4902-8463-74BEDD01DEDC}.Release|x64.ActiveCfg = Release|Any CPU
		{BC473B96-DAD8-4902-8463-74BEDD01DEDC}.Release|x64.Build.0 = Release|Any CPU
		{BC473B96-DAD8-4902-8463-74BEDD01DEDC}.Release|x86.ActiveCfg = Release|Any CPU
		{BC473B96-DAD8-4902-8463-74BEDD01DEDC}.Release|x86.Build.0 = Release|Any CPU
		{78599492-33B1-47E8-AC03-915DF0A52570}.Debug|Any CPU.ActiveCfg = Debug|Any CPU
		{78599492-33B1-47E8-AC03-915DF0A52570}.Debug|Any CPU.Build.0 = Debug|Any CPU
		{78599492-33B1-47E8-AC03-915DF0A52570}.Debug|x64.ActiveCfg = Debug|Any CPU
		{78599492-33B1-47E8-AC03-915DF0A52570}.Debug|x64.Build.0 = Debug|Any CPU
		{78599492-33B1-47E8-AC03-915DF0A52570}.Debug|x86.ActiveCfg = Debug|Any CPU
		{78599492-33B1-47E8-AC03-915DF0A52570}.Debug|x86.Build.0 = Debug|Any CPU
		{78599492-33B1-47E8-AC03-915DF0A52570}.Release|Any CPU.ActiveCfg = Release|Any CPU
		{78599492-33B1-47E8-AC03-915DF0A52570}.Release|Any CPU.Build.0 = Release|Any CPU
		{78599492-33B1-47E8-AC03-915DF0A52570}.Release|x64.ActiveCfg = Release|Any CPU
		{78599492-33B1-47E8-AC03-915DF0A52570}.Release|x64.Build.0 = Release|Any CPU
		{78599492-33B1-47E8-AC03-915DF0A52570}.Release|x86.ActiveCfg = Release|Any CPU
		{78599492-33B1-47E8-AC03-915DF0A52570}.Release|x86.Build.0 = Release|Any CPU
		{83C243DE-1D5A-42B7-B022-4C9CF57B6E1C}.Debug|Any CPU.ActiveCfg = Debug|Any CPU
		{83C243DE-1D5A-42B7-B022-4C9CF57B6E1C}.Debug|Any CPU.Build.0 = Debug|Any CPU
		{83C243DE-1D5A-42B7-B022-4C9CF57B6E1C}.Debug|x64.ActiveCfg = Debug|Any CPU
		{83C243DE-1D5A-42B7-B022-4C9CF57B6E1C}.Debug|x64.Build.0 = Debug|Any CPU
		{83C243DE-1D5A-42B7-B022-4C9CF57B6E1C}.Debug|x86.ActiveCfg = Debug|Any CPU
		{83C243DE-1D5A-42B7-B022-4C9CF57B6E1C}.Debug|x86.Build.0 = Debug|Any CPU
		{83C243DE-1D5A-42B7-B022-4C9CF57B6E1C}.Release|Any CPU.ActiveCfg = Release|Any CPU
		{83C243DE-1D5A-42B7-B022-4C9CF57B6E1C}.Release|Any CPU.Build.0 = Release|Any CPU
		{83C243DE-1D5A-42B7-B022-4C9CF57B6E1C}.Release|x64.ActiveCfg = Release|Any CPU
		{83C243DE-1D5A-42B7-B022-4C9CF57B6E1C}.Release|x64.Build.0 = Release|Any CPU
		{83C243DE-1D5A-42B7-B022-4C9CF57B6E1C}.Release|x86.ActiveCfg = Release|Any CPU
		{83C243DE-1D5A-42B7-B022-4C9CF57B6E1C}.Release|x86.Build.0 = Release|Any CPU
		{C44E3A12-8BE3-4B85-A2C7-B63D9538E321}.Debug|Any CPU.ActiveCfg = Debug|Any CPU
		{C44E3A12-8BE3-4B85-A2C7-B63D9538E321}.Debug|Any CPU.Build.0 = Debug|Any CPU
		{C44E3A12-8BE3-4B85-A2C7-B63D9538E321}.Debug|x64.ActiveCfg = Debug|Any CPU
		{C44E3A12-8BE3-4B85-A2C7-B63D9538E321}.Debug|x64.Build.0 = Debug|Any CPU
		{C44E3A12-8BE3-4B85-A2C7-B63D9538E321}.Debug|x86.ActiveCfg = Debug|Any CPU
		{C44E3A12-8BE3-4B85-A2C7-B63D9538E321}.Debug|x86.Build.0 = Debug|Any CPU
		{C44E3A12-8BE3-4B85-A2C7-B63D9538E321}.Release|Any CPU.ActiveCfg = Release|Any CPU
		{C44E3A12-8BE3-4B85-A2C7-B63D9538E321}.Release|Any CPU.Build.0 = Release|Any CPU
		{C44E3A12-8BE3-4B85-A2C7-B63D9538E321}.Release|x64.ActiveCfg = Release|Any CPU
		{C44E3A12-8BE3-4B85-A2C7-B63D9538E321}.Release|x64.Build.0 = Release|Any CPU
		{C44E3A12-8BE3-4B85-A2C7-B63D9538E321}.Release|x86.ActiveCfg = Release|Any CPU
		{C44E3A12-8BE3-4B85-A2C7-B63D9538E321}.Release|x86.Build.0 = Release|Any CPU
	EndGlobalSection
	GlobalSection(SolutionProperties) = preSolution
		HideSolutionNode = FALSE
	EndGlobalSection
	GlobalSection(NestedProjects) = preSolution
		{BB9C5761-1198-4BF4-8935-82C817726B5B} = {827E0CD3-B72D-47B6-A68D-7590B98EB39B}
		{B515D82A-6078-47A2-9588-F88CF4773E7D} = {0AB3BF05-4346-4AA6-1389-037BE0695223}
		{BC473B96-DAD8-4902-8463-74BEDD01DEDC} = {66320409-64EC-F7C5-3DEF-65E7510DAAD1}
		{78599492-33B1-47E8-AC03-915DF0A52570} = {A39C23D2-F2C0-258D-165A-CF1E7FEE6E7B}
		{83C243DE-1D5A-42B7-B022-4C9CF57B6E1C} = {827E0CD3-B72D-47B6-A68D-7590B98EB39B}
		{C44E3A12-8BE3-4B85-A2C7-B63D9538E321} = {0AB3BF05-4346-4AA6-1389-037BE0695223}
	EndGlobalSection
EndGlobal
